
Microsoft Visual Studio Solution File, Format Version 12.00
# Visual Studio Version 17
VisualStudioVersion = 17.13.35913.81 d17.13
MinimumVisualStudioVersion = 10.0.40219.1
Project("{FAE04EC0-301F-11D3-BF4B-00C04F79EFBC}") = "phd2mm_wpf", "phd2mm_wpf.csproj", "{281B85A7-A859-43EB-85C1-1A718E5A4AF1}"
EndProject
Global
	GlobalSection(SolutionConfigurationPlatforms) = preSolution
		Debug|Any CPU = Debug|Any CPU
		Release|Any CPU = Release|Any CPU
	EndGlobalSection
	GlobalSection(ProjectConfigurationPlatforms) = postSolution
		{281B85A7-A859-43EB-85C1-1A718E5A4AF1}.Debug|Any CPU.ActiveCfg = Debug|Any CPU
		{281B85A7-A859-43EB-85C1-1A718E5A4AF1}.Debug|Any CPU.Build.0 = Debug|Any CPU
		{281B85A7-A859-43EB-85C1-1A718E5A4AF1}.Release|Any CPU.ActiveCfg = Release|Any CPU
		{281B85A7-A859-43EB-85C1-1A718E5A4AF1}.Release|Any CPU.Build.0 = Release|Any CPU
	EndGlobalSection
	GlobalSection(SolutionProperties) = preSolution
		HideSolutionNode = FALSE
	EndGlobalSection
	GlobalSection(ExtensibilityGlobals) = postSolution
		SolutionGuid = {C7C17A19-E67E-4075-AB4C-EBEC4E3170D4}
	EndGlobalSection
EndGlobal
